# THIS IS AN AUTOGENERATED FILE. DO NOT EDIT THIS FILE DIRECTLY.
# yarn lockfile v1


okareo-ts-sdk@^0.0.14:
  version "0.0.14"
  resolved "https://registry.yarnpkg.com/okareo-ts-sdk/-/okareo-ts-sdk-0.0.14.tgz#3a223150fc4e3f63998537910f4c25a710a32e58"
  integrity sha512-K6Yrs36xuuvYKDcQWsfT8Zj8ChZk2RXVTlwHbqb/NuaecBJMZxrgD9zhICZmWNjbLmH+cg8JeRVnz8JKUqBw6A==
  dependencies:
    openapi-fetch "^0.9.3"

openapi-fetch@^0.9.3:
  version "0.9.3"
  resolved "https://registry.yarnpkg.com/openapi-fetch/-/openapi-fetch-0.9.3.tgz#37c1dbde7faec885eaa40f351cab1c231b794761"
  integrity sha512-tC1NDn71vJHeCzu+lYdrnIpgRt4GxR0B4eSwXNb15ypWpZcpaEOwHFkoz8FcfG5Fvqkz2P0Fl9zQF1JJwBjuvA==
  dependencies:
    openapi-typescript-helpers "^0.0.7"

openapi-typescript-helpers@^0.0.7:
  version "0.0.7"
  resolved "https://registry.yarnpkg.com/openapi-typescript-helpers/-/openapi-typescript-helpers-0.0.7.tgz#1d0ead67c35864d189c2cb2d0556854ccbb16c38"
  integrity sha512-7nwlAtdA1fULipibFRBWE/rnF114q6ejRYzNvhdA/x+qTWAZhXGLc/368dlwMlyJDvCQMCnADjpzb5BS5ZmNSA==
